
Microsoft Visual Studio Solution File, Format Version 12.00
# Visual Studio Version 17
VisualStudioVersion = 17.10.34928.147
MinimumVisualStudioVersion = 10.0.40219.1
Project("{9A19103F-16F7-4668-BE54-9A1E7A4F7556}") = "add", "Intro\add\add.csproj", "{177C10F1-81B5-4B8C-871B-91DA0FFA6BBF}"
EndProject
Project("{9A19103F-16F7-4668-BE54-9A1E7A4F7556}") = "centuryFromYear", "Intro\centuryFromYear\centuryFromYear.csproj", "{8D38C896-29B3-47AB-8CF8-51D9799A3C3C}"
EndProject
Project("{9A19103F-16F7-4668-BE54-9A1E7A4F7556}") = "checkPalindrome", "Intro\checkPalindrome\checkPalindrome.csproj", "{16EFDA67-86E9-4995-B6C7-FCDFA8A63A07}"
EndProject
Project("{9A19103F-16F7-4668-BE54-9A1E7A4F7556}") = "adjacentElementsProduct", "Intro\adjacentElementsProduct\adjacentElementsProduct.csproj", "{A5BB6004-0983-4847-A510-595DD4699645}"
EndProject
Project("{9A19103F-16F7-4668-BE54-9A1E7A4F7556}") = "shapeArea", "Intro\shapeArea\shapeArea.csproj", "{1B81FC3C-46F8-43F0-8FC4-7ABF3F399705}"
EndProject
Project("{9A19103F-16F7-4668-BE54-9A1E7A4F7556}") = "Make Array Consecutive 2", "Intro\Make Array Consecutive 2\Make Array Consecutive 2.csproj", "{CB43FF7E-6DCE-4834-B078-6910F0987A3E}"
EndProject
Project("{2150E333-8FDC-42A3-9474-1A3956D46DE8}") = "Intro", "Intro", "{EBEF37E5-5950-4209-A5FC-45BBAB9E6025}"
EndProject
Project("{9A19103F-16F7-4668-BE54-9A1E7A4F7556}") = "commonCharacterCount", "Intro\commonCharacterCount\commonCharacterCount.csproj", "{6E5FA26B-4104-4BFA-BD04-947D27E463E3}"
EndProject
Project("{9A19103F-16F7-4668-BE54-9A1E7A4F7556}") = "isLucky", "Intro\isLucky\isLucky.csproj", "{B1701857-F992-4274-A007-44CB9C641483}"
EndProject
Project("{9A19103F-16F7-4668-BE54-9A1E7A4F7556}") = "Sort by Height", "Intro\Sort by Height\Sort by Height.csproj", "{40968E58-5433-43D0-A777-860AEECC73C0}"
EndProject
Project("{9A19103F-16F7-4668-BE54-9A1E7A4F7556}") = "reverseInParentheses", "Intro\reverseInParentheses\reverseInParentheses.csproj", "{0EEFC057-7038-425E-BDB4-0A52D46FDE2F}"
EndProject
Project("{9A19103F-16F7-4668-BE54-9A1E7A4F7556}") = "alternatingSums", "Intro\alternatingSums\alternatingSums.csproj", "{85CCB8AE-2441-4D3F-A66F-5478D5795CCE}"
EndProject
Project("{9A19103F-16F7-4668-BE54-9A1E7A4F7556}") = "Add Border", "Intro\Add Border\Add Border.csproj", "{328385BC-1131-4B32-AF6D-A93B83E7B172}"
EndProject
Project("{9A19103F-16F7-4668-BE54-9A1E7A4F7556}") = "Are Similar", "Intro\Are Similar\Are Similar.csproj", "{023B4297-CF8F-44E1-A62B-C10B146D12DF}"
EndProject
Project("{9A19103F-16F7-4668-BE54-9A1E7A4F7556}") = "All Longest Strings", "Intro\All Longest Strings\All Longest Strings.csproj", "{2383BF04-A094-4239-A1EE-87D2123A2C19}"
EndProject
Project("{9A19103F-16F7-4668-BE54-9A1E7A4F7556}") = "matrixElementsSum", "Intro\matrixElementsSum\matrixElementsSum.csproj", "{E2DBC89E-AFC3-4A4A-A8CB-62C01E185428}"
EndProject
Project("{9A19103F-16F7-4668-BE54-9A1E7A4F7556}") = "arrayChange", "Intro\arrayChange\arrayChange.csproj", "{0FD484D3-ABC0-41C3-8AAB-76BC069BFB2F}"
EndProject
Project("{9A19103F-16F7-4668-BE54-9A1E7A4F7556}") = "palindromeRearranging", "Intro\palindromeRearranging\palindromeRearranging.csproj", "{DEA28FE9-A6BA-4611-A05D-169509B36044}"
EndProject
Project("{9A19103F-16F7-4668-BE54-9A1E7A4F7556}") = "areEquallyStrong", "Intro\areEquallyStrong\areEquallyStrong.csproj", "{0756FCFA-4D8B-4ABC-B586-76CC2F7FCCA3}"
EndProject
Project("{FAE04EC0-301F-11D3-BF4B-00C04F79EFBC}") = "arrayMaximalAdjacentDifference", "Intro\arrayMaximalAdjacentDifference\arrayMaximalAdjacentDifference.csproj", "{DE0B5B16-604F-4A2F-B337-826B5DCF077E}"
EndProject
Project("{FAE04EC0-301F-11D3-BF4B-00C04F79EFBC}") = "isIPv4Address", "Intro\isIPv4Address\isIPv4Address.csproj", "{73CB81C6-C14B-4838-A5A8-97E6AA2DD4F1}"
EndProject
Project("{FAE04EC0-301F-11D3-BF4B-00C04F79EFBC}") = "avoidObstacles", "Intro\avoidObstacles\avoidObstacles.csproj", "{3860486B-7512-401E-9B36-E55658622EC0}"
EndProject
Project("{FAE04EC0-301F-11D3-BF4B-00C04F79EFBC}") = "Box Blur", "Intro\Box Blur\Box Blur.csproj", "{7B48F3E3-DFD2-4AA7-8492-4E52E0C12E7F}"
EndProject
Global
	GlobalSection(SolutionConfigurationPlatforms) = preSolution
		Debug|Any CPU = Debug|Any CPU
		Release|Any CPU = Release|Any CPU
	EndGlobalSection
	GlobalSection(ProjectConfigurationPlatforms) = postSolution
		{177C10F1-81B5-4B8C-871B-91DA0FFA6BBF}.Debug|Any CPU.ActiveCfg = Debug|Any CPU
		{177C10F1-81B5-4B8C-871B-91DA0FFA6BBF}.Debug|Any CPU.Build.0 = Debug|Any CPU
		{177C10F1-81B5-4B8C-871B-91DA0FFA6BBF}.Release|Any CPU.ActiveCfg = Release|Any CPU
		{177C10F1-81B5-4B8C-871B-91DA0FFA6BBF}.Release|Any CPU.Build.0 = Release|Any CPU
		{8D38C896-29B3-47AB-8CF8-51D9799A3C3C}.Debug|Any CPU.ActiveCfg = Debug|Any CPU
		{8D38C896-29B3-47AB-8CF8-51D9799A3C3C}.Debug|Any CPU.Build.0 = Debug|Any CPU
		{8D38C896-29B3-47AB-8CF8-51D9799A3C3C}.Release|Any CPU.ActiveCfg = Release|Any CPU
		{8D38C896-29B3-47AB-8CF8-51D9799A3C3C}.Release|Any CPU.Build.0 = Release|Any CPU
		{16EFDA67-86E9-4995-B6C7-FCDFA8A63A07}.Debug|Any CPU.ActiveCfg = Debug|Any CPU
		{16EFDA67-86E9-4995-B6C7-FCDFA8A63A07}.Debug|Any CPU.Build.0 = Debug|Any CPU
		{16EFDA67-86E9-4995-B6C7-FCDFA8A63A07}.Release|Any CPU.ActiveCfg = Release|Any CPU
		{16EFDA67-86E9-4995-B6C7-FCDFA8A63A07}.Release|Any CPU.Build.0 = Release|Any CPU
		{A5BB6004-0983-4847-A510-595DD4699645}.Debug|Any CPU.ActiveCfg = Debug|Any CPU
		{A5BB6004-0983-4847-A510-595DD4699645}.Debug|Any CPU.Build.0 = Debug|Any CPU
		{A5BB6004-0983-4847-A510-595DD4699645}.Release|Any CPU.ActiveCfg = Release|Any CPU
		{A5BB6004-0983-4847-A510-595DD4699645}.Release|Any CPU.Build.0 = Release|Any CPU
		{1B81FC3C-46F8-43F0-8FC4-7ABF3F399705}.Debug|Any CPU.ActiveCfg = Debug|Any CPU
		{1B81FC3C-46F8-43F0-8FC4-7ABF3F399705}.Debug|Any CPU.Build.0 = Debug|Any CPU
		{1B81FC3C-46F8-43F0-8FC4-7ABF3F399705}.Release|Any CPU.ActiveCfg = Release|Any CPU
		{1B81FC3C-46F8-43F0-8FC4-7ABF3F399705}.Release|Any CPU.Build.0 = Release|Any CPU
		{CB43FF7E-6DCE-4834-B078-6910F0987A3E}.Debug|Any CPU.ActiveCfg = Debug|Any CPU
		{CB43FF7E-6DCE-4834-B078-6910F0987A3E}.Debug|Any CPU.Build.0 = Debug|Any CPU
		{CB43FF7E-6DCE-4834-B078-6910F0987A3E}.Release|Any CPU.ActiveCfg = Release|Any CPU
		{CB43FF7E-6DCE-4834-B078-6910F0987A3E}.Release|Any CPU.Build.0 = Release|Any CPU
		{6E5FA26B-4104-4BFA-BD04-947D27E463E3}.Debug|Any CPU.ActiveCfg = Debug|Any CPU
		{6E5FA26B-4104-4BFA-BD04-947D27E463E3}.Debug|Any CPU.Build.0 = Debug|Any CPU
		{6E5FA26B-4104-4BFA-BD04-947D27E463E3}.Release|Any CPU.ActiveCfg = Release|Any CPU
		{6E5FA26B-4104-4BFA-BD04-947D27E463E3}.Release|Any CPU.Build.0 = Release|Any CPU
		{B1701857-F992-4274-A007-44CB9C641483}.Debug|Any CPU.ActiveCfg = Debug|Any CPU
		{B1701857-F992-4274-A007-44CB9C641483}.Debug|Any CPU.Build.0 = Debug|Any CPU
		{B1701857-F992-4274-A007-44CB9C641483}.Release|Any CPU.ActiveCfg = Release|Any CPU
		{B1701857-F992-4274-A007-44CB9C641483}.Release|Any CPU.Build.0 = Release|Any CPU
		{40968E58-5433-43D0-A777-860AEECC73C0}.Debug|Any CPU.ActiveCfg = Debug|Any CPU
		{40968E58-5433-43D0-A777-860AEECC73C0}.Debug|Any CPU.Build.0 = Debug|Any CPU
		{40968E58-5433-43D0-A777-860AEECC73C0}.Release|Any CPU.ActiveCfg = Release|Any CPU
		{40968E58-5433-43D0-A777-860AEECC73C0}.Release|Any CPU.Build.0 = Release|Any CPU
		{0EEFC057-7038-425E-BDB4-0A52D46FDE2F}.Debug|Any CPU.ActiveCfg = Debug|Any CPU
		{0EEFC057-7038-425E-BDB4-0A52D46FDE2F}.Debug|Any CPU.Build.0 = Debug|Any CPU
		{0EEFC057-7038-425E-BDB4-0A52D46FDE2F}.Release|Any CPU.ActiveCfg = Release|Any CPU
		{0EEFC057-7038-425E-BDB4-0A52D46FDE2F}.Release|Any CPU.Build.0 = Release|Any CPU
		{85CCB8AE-2441-4D3F-A66F-5478D5795CCE}.Debug|Any CPU.ActiveCfg = Debug|Any CPU
		{85CCB8AE-2441-4D3F-A66F-5478D5795CCE}.Debug|Any CPU.Build.0 = Debug|Any CPU
		{85CCB8AE-2441-4D3F-A66F-5478D5795CCE}.Release|Any CPU.ActiveCfg = Release|Any CPU
		{85CCB8AE-2441-4D3F-A66F-5478D5795CCE}.Release|Any CPU.Build.0 = Release|Any CPU
		{328385BC-1131-4B32-AF6D-A93B83E7B172}.Debug|Any CPU.ActiveCfg = Debug|Any CPU
		{328385BC-1131-4B32-AF6D-A93B83E7B172}.Debug|Any CPU.Build.0 = Debug|Any CPU
		{328385BC-1131-4B32-AF6D-A93B83E7B172}.Release|Any CPU.ActiveCfg = Release|Any CPU
		{328385BC-1131-4B32-AF6D-A93B83E7B172}.Release|Any CPU.Build.0 = Release|Any CPU
		{023B4297-CF8F-44E1-A62B-C10B146D12DF}.Debug|Any CPU.ActiveCfg = Debug|Any CPU
		{023B4297-CF8F-44E1-A62B-C10B146D12DF}.Debug|Any CPU.Build.0 = Debug|Any CPU
		{023B4297-CF8F-44E1-A62B-C10B146D12DF}.Release|Any CPU.ActiveCfg = Release|Any CPU
		{023B4297-CF8F-44E1-A62B-C10B146D12DF}.Release|Any CPU.Build.0 = Release|Any CPU
		{2383BF04-A094-4239-A1EE-87D2123A2C19}.Debug|Any CPU.ActiveCfg = Debug|Any CPU
		{2383BF04-A094-4239-A1EE-87D2123A2C19}.Debug|Any CPU.Build.0 = Debug|Any CPU
		{2383BF04-A094-4239-A1EE-87D2123A2C19}.Release|Any CPU.ActiveCfg = Release|Any CPU
		{2383BF04-A094-4239-A1EE-87D2123A2C19}.Release|Any CPU.Build.0 = Release|Any CPU
		{E2DBC89E-AFC3-4A4A-A8CB-62C01E185428}.Debug|Any CPU.ActiveCfg = Debug|Any CPU
		{E2DBC89E-AFC3-4A4A-A8CB-62C01E185428}.Debug|Any CPU.Build.0 = Debug|Any CPU
		{E2DBC89E-AFC3-4A4A-A8CB-62C01E185428}.Release|Any CPU.ActiveCfg = Release|Any CPU
		{E2DBC89E-AFC3-4A4A-A8CB-62C01E185428}.Release|Any CPU.Build.0 = Release|Any CPU
		{0FD484D3-ABC0-41C3-8AAB-76BC069BFB2F}.Debug|Any CPU.ActiveCfg = Debug|Any CPU
		{0FD484D3-ABC0-41C3-8AAB-76BC069BFB2F}.Debug|Any CPU.Build.0 = Debug|Any CPU
		{0FD484D3-ABC0-41C3-8AAB-76BC069BFB2F}.Release|Any CPU.ActiveCfg = Release|Any CPU
		{0FD484D3-ABC0-41C3-8AAB-76BC069BFB2F}.Release|Any CPU.Build.0 = Release|Any CPU
		{DEA28FE9-A6BA-4611-A05D-169509B36044}.Debug|Any CPU.ActiveCfg = Debug|Any CPU
		{DEA28FE9-A6BA-4611-A05D-169509B36044}.Debug|Any CPU.Build.0 = Debug|Any CPU
		{DEA28FE9-A6BA-4611-A05D-169509B36044}.Release|Any CPU.ActiveCfg = Release|Any CPU
		{DEA28FE9-A6BA-4611-A05D-169509B36044}.Release|Any CPU.Build.0 = Release|Any CPU
		{0756FCFA-4D8B-4ABC-B586-76CC2F7FCCA3}.Debug|Any CPU.ActiveCfg = Debug|Any CPU
		{0756FCFA-4D8B-4ABC-B586-76CC2F7FCCA3}.Debug|Any CPU.Build.0 = Debug|Any CPU
		{0756FCFA-4D8B-4ABC-B586-76CC2F7FCCA3}.Release|Any CPU.ActiveCfg = Release|Any CPU
		{0756FCFA-4D8B-4ABC-B586-76CC2F7FCCA3}.Release|Any CPU.Build.0 = Release|Any CPU
		{DE0B5B16-604F-4A2F-B337-826B5DCF077E}.Debug|Any CPU.ActiveCfg = Debug|Any CPU
		{DE0B5B16-604F-4A2F-B337-826B5DCF077E}.Debug|Any CPU.Build.0 = Debug|Any CPU
		{DE0B5B16-604F-4A2F-B337-826B5DCF077E}.Release|Any CPU.ActiveCfg = Release|Any CPU
		{DE0B5B16-604F-4A2F-B337-826B5DCF077E}.Release|Any CPU.Build.0 = Release|Any CPU
		{73CB81C6-C14B-4838-A5A8-97E6AA2DD4F1}.Debug|Any CPU.ActiveCfg = Debug|Any CPU
		{73CB81C6-C14B-4838-A5A8-97E6AA2DD4F1}.Debug|Any CPU.Build.0 = Debug|Any CPU
		{73CB81C6-C14B-4838-A5A8-97E6AA2DD4F1}.Release|Any CPU.ActiveCfg = Release|Any CPU
		{73CB81C6-C14B-4838-A5A8-97E6AA2DD4F1}.Release|Any CPU.Build.0 = Release|Any CPU
		{3860486B-7512-401E-9B36-E55658622EC0}.Debug|Any CPU.ActiveCfg = Debug|Any CPU
		{3860486B-7512-401E-9B36-E55658622EC0}.Debug|Any CPU.Build.0 = Debug|Any CPU
		{3860486B-7512-401E-9B36-E55658622EC0}.Release|Any CPU.ActiveCfg = Release|Any CPU
		{3860486B-7512-401E-9B36-E55658622EC0}.Release|Any CPU.Build.0 = Release|Any CPU
		{7B48F3E3-DFD2-4AA7-8492-4E52E0C12E7F}.Debug|Any CPU.ActiveCfg = Debug|Any CPU
		{7B48F3E3-DFD2-4AA7-8492-4E52E0C12E7F}.Debug|Any CPU.Build.0 = Debug|Any CPU
		{7B48F3E3-DFD2-4AA7-8492-4E52E0C12E7F}.Release|Any CPU.ActiveCfg = Release|Any CPU
		{7B48F3E3-DFD2-4AA7-8492-4E52E0C12E7F}.Release|Any CPU.Build.0 = Release|Any CPU
	EndGlobalSection
	GlobalSection(SolutionProperties) = preSolution
		HideSolutionNode = FALSE
	EndGlobalSection
	GlobalSection(NestedProjects) = preSolution
		{177C10F1-81B5-4B8C-871B-91DA0FFA6BBF} = {EBEF37E5-5950-4209-A5FC-45BBAB9E6025}
		{8D38C896-29B3-47AB-8CF8-51D9799A3C3C} = {EBEF37E5-5950-4209-A5FC-45BBAB9E6025}
		{16EFDA67-86E9-4995-B6C7-FCDFA8A63A07} = {EBEF37E5-5950-4209-A5FC-45BBAB9E6025}
		{A5BB6004-0983-4847-A510-595DD4699645} = {EBEF37E5-5950-4209-A5FC-45BBAB9E6025}
		{1B81FC3C-46F8-43F0-8FC4-7ABF3F399705} = {EBEF37E5-5950-4209-A5FC-45BBAB9E6025}
		{CB43FF7E-6DCE-4834-B078-6910F0987A3E} = {EBEF37E5-5950-4209-A5FC-45BBAB9E6025}
		{6E5FA26B-4104-4BFA-BD04-947D27E463E3} = {EBEF37E5-5950-4209-A5FC-45BBAB9E6025}
		{B1701857-F992-4274-A007-44CB9C641483} = {EBEF37E5-5950-4209-A5FC-45BBAB9E6025}
		{40968E58-5433-43D0-A777-860AEECC73C0} = {EBEF37E5-5950-4209-A5FC-45BBAB9E6025}
		{0EEFC057-7038-425E-BDB4-0A52D46FDE2F} = {EBEF37E5-5950-4209-A5FC-45BBAB9E6025}
		{85CCB8AE-2441-4D3F-A66F-5478D5795CCE} = {EBEF37E5-5950-4209-A5FC-45BBAB9E6025}
		{328385BC-1131-4B32-AF6D-A93B83E7B172} = {EBEF37E5-5950-4209-A5FC-45BBAB9E6025}
		{023B4297-CF8F-44E1-A62B-C10B146D12DF} = {EBEF37E5-5950-4209-A5FC-45BBAB9E6025}
		{2383BF04-A094-4239-A1EE-87D2123A2C19} = {EBEF37E5-5950-4209-A5FC-45BBAB9E6025}
		{E2DBC89E-AFC3-4A4A-A8CB-62C01E185428} = {EBEF37E5-5950-4209-A5FC-45BBAB9E6025}
		{0FD484D3-ABC0-41C3-8AAB-76BC069BFB2F} = {EBEF37E5-5950-4209-A5FC-45BBAB9E6025}
		{DEA28FE9-A6BA-4611-A05D-169509B36044} = {EBEF37E5-5950-4209-A5FC-45BBAB9E6025}
		{0756FCFA-4D8B-4ABC-B586-76CC2F7FCCA3} = {EBEF37E5-5950-4209-A5FC-45BBAB9E6025}
		{DE0B5B16-604F-4A2F-B337-826B5DCF077E} = {EBEF37E5-5950-4209-A5FC-45BBAB9E6025}
		{73CB81C6-C14B-4838-A5A8-97E6AA2DD4F1} = {EBEF37E5-5950-4209-A5FC-45BBAB9E6025}
		{3860486B-7512-401E-9B36-E55658622EC0} = {EBEF37E5-5950-4209-A5FC-45BBAB9E6025}
		{7B48F3E3-DFD2-4AA7-8492-4E52E0C12E7F} = {EBEF37E5-5950-4209-A5FC-45BBAB9E6025}
	EndGlobalSection
	GlobalSection(ExtensibilityGlobals) = postSolution
		SolutionGuid = {50014523-5FC6-40B7-93CD-D9AC73A2DF50}
	EndGlobalSection
EndGlobal
