
Microsoft Visual Studio Solution File, Format Version 12.00
# Visual Studio Version 17
VisualStudioVersion = 17.10.34928.147
MinimumVisualStudioVersion = 10.0.40219.1
Project("{9A19103F-16F7-4668-BE54-9A1E7A4F7556}") = "add", "Intro\add\add.csproj", "{177C10F1-81B5-4B8C-871B-91DA0FFA6BBF}"
EndProject
Project("{9A19103F-16F7-4668-BE54-9A1E7A4F7556}") = "centuryFromYear", "Intro\centuryFromYear\centuryFromYear.csproj", "{8D38C896-29B3-47AB-8CF8-51D9799A3C3C}"
EndProject
Project("{9A19103F-16F7-4668-BE54-9A1E7A4F7556}") = "checkPalindrome", "Intro\checkPalindrome\checkPalindrome.csproj", "{16EFDA67-86E9-4995-B6C7-FCDFA8A63A07}"
EndProject
Project("{9A19103F-16F7-4668-BE54-9A1E7A4F7556}") = "adjacentElementsProduct", "Intro\adjacentElementsProduct\adjacentElementsProduct.csproj", "{A5BB6004-0983-4847-A510-595DD4699645}"
EndProject
Project("{9A19103F-16F7-4668-BE54-9A1E7A4F7556}") = "shapeArea", "Intro\shapeArea\shapeArea.csproj", "{1B81FC3C-46F8-43F0-8FC4-7ABF3F399705}"
EndProject
Project("{9A19103F-16F7-4668-BE54-9A1E7A4F7556}") = "Make Array Consecutive 2", "Intro\Make Array Consecutive 2\Make Array Consecutive 2.csproj", "{CB43FF7E-6DCE-4834-B078-6910F0987A3E}"
EndProject
Project("{2150E333-8FDC-42A3-9474-1A3956D46DE8}") = "Intro", "Intro", "{EBEF37E5-5950-4209-A5FC-45BBAB9E6025}"
EndProject
Project("{9A19103F-16F7-4668-BE54-9A1E7A4F7556}") = "commonCharacterCount", "Intro\commonCharacterCount\commonCharacterCount.csproj", "{6E5FA26B-4104-4BFA-BD04-947D27E463E3}"
EndProject
Project("{9A19103F-16F7-4668-BE54-9A1E7A4F7556}") = "isLucky", "Intro\isLucky\isLucky.csproj", "{B1701857-F992-4274-A007-44CB9C641483}"
EndProject
Project("{9A19103F-16F7-4668-BE54-9A1E7A4F7556}") = "Sort by Height", "Intro\Sort by Height\Sort by Height.csproj", "{40968E58-5433-43D0-A777-860AEECC73C0}"
EndProject
Project("{9A19103F-16F7-4668-BE54-9A1E7A4F7556}") = "reverseInParentheses", "Intro\reverseInParentheses\reverseInParentheses.csproj", "{0EEFC057-7038-425E-BDB4-0A52D46FDE2F}"
EndProject
Project("{9A19103F-16F7-4668-BE54-9A1E7A4F7556}") = "alternatingSums", "Intro\alternatingSums\alternatingSums.csproj", "{85CCB8AE-2441-4D3F-A66F-5478D5795CCE}"
EndProject
Project("{9A19103F-16F7-4668-BE54-9A1E7A4F7556}") = "Add Border", "Intro\Add Border\Add Border.csproj", "{328385BC-1131-4B32-AF6D-A93B83E7B172}"
EndProject
Project("{9A19103F-16F7-4668-BE54-9A1E7A4F7556}") = "Are Similar", "Intro\Are Similar\Are Similar.csproj", "{023B4297-CF8F-44E1-A62B-C10B146D12DF}"
EndProject
Project("{9A19103F-16F7-4668-BE54-9A1E7A4F7556}") = "All Longest Strings", "Intro\All Longest Strings\All Longest Strings.csproj", "{2383BF04-A094-4239-A1EE-87D2123A2C19}"
EndProject
Project("{9A19103F-16F7-4668-BE54-9A1E7A4F7556}") = "matrixElementsSum", "Intro\matrixElementsSum\matrixElementsSum.csproj", "{E2DBC89E-AFC3-4A4A-A8CB-62C01E185428}"
EndProject
Project("{9A19103F-16F7-4668-BE54-9A1E7A4F7556}") = "arrayChange", "Intro\arrayChange\arrayChange.csproj", "{0FD484D3-ABC0-41C3-8AAB-76BC069BFB2F}"
EndProject
Project("{9A19103F-16F7-4668-BE54-9A1E7A4F7556}") = "palindromeRearranging", "Intro\palindromeRearranging\palindromeRearranging.csproj", "{DEA28FE9-A6BA-4611-A05D-169509B36044}"
EndProject
Project("{9A19103F-16F7-4668-BE54-9A1E7A4F7556}") = "areEquallyStrong", "Intro\areEquallyStrong\areEquallyStrong.csproj", "{0756FCFA-4D8B-4ABC-B586-76CC2F7FCCA3}"
EndProject
Project("{9A19103F-16F7-4668-BE54-9A1E7A4F7556}") = "arrayMaximalAdjacentDifference", "Intro\arrayMaximalAdjacentDifference\arrayMaximalAdjacentDifference.csproj", "{DE0B5B16-604F-4A2F-B337-826B5DCF077E}"
EndProject
Project("{9A19103F-16F7-4668-BE54-9A1E7A4F7556}") = "isIPv4Address", "Intro\isIPv4Address\isIPv4Address.csproj", "{73CB81C6-C14B-4838-A5A8-97E6AA2DD4F1}"
EndProject
Project("{9A19103F-16F7-4668-BE54-9A1E7A4F7556}") = "avoidObstacles", "Intro\avoidObstacles\avoidObstacles.csproj", "{3860486B-7512-401E-9B36-E55658622EC0}"
EndProject
Project("{9A19103F-16F7-4668-BE54-9A1E7A4F7556}") = "Box Blur", "Intro\Box Blur\Box Blur.csproj", "{7B48F3E3-DFD2-4AA7-8492-4E52E0C12E7F}"
EndProject
Project("{9A19103F-16F7-4668-BE54-9A1E7A4F7556}") = "Minesweeper", "Intro\Minesweeper\Minesweeper.csproj", "{61BCF1DE-5201-46A0-8FE1-1A07BC07EB0A}"
EndProject
Project("{9A19103F-16F7-4668-BE54-9A1E7A4F7556}") = "Array Replace", "Intro\Array Replace\Array Replace.csproj", "{71F6DE2A-AC0B-4CC9-B61D-AA5488BAE6A3}"
EndProject
Project("{9A19103F-16F7-4668-BE54-9A1E7A4F7556}") = "evenDigitsOnly", "Intro\evenDigitsOnly\evenDigitsOnly.csproj", "{EE0FBDC3-4418-4090-BEE8-B9C7ABF187FC}"
EndProject
Project("{9A19103F-16F7-4668-BE54-9A1E7A4F7556}") = "variableName", "Intro\variableName\variableName.csproj", "{9D51149D-0E2F-4E3A-BE70-8065991D6F07}"
EndProject
Project("{9A19103F-16F7-4668-BE54-9A1E7A4F7556}") = "alphabeticShift", "Intro\alphabeticShift\alphabeticShift.csproj", "{DE586AE2-0799-4643-8B20-DC8CED7F931F}"
EndProject
Project("{9A19103F-16F7-4668-BE54-9A1E7A4F7556}") = "chessBoardCellColor", "Intro\chessBoardCellColor\chessBoardCellColor.csproj", "{1EC6C844-0FDE-435E-8DC6-DDA4C62401B9}"
EndProject
Project("{9A19103F-16F7-4668-BE54-9A1E7A4F7556}") = "Circle of Numbers", "Intro\Circle of Numbers\Circle of Numbers.csproj", "{54F48513-D227-41C1-9C48-562DD9B29452}"
EndProject
Project("{9A19103F-16F7-4668-BE54-9A1E7A4F7556}") = "depositProfit", "Intro\depositProfit\depositProfit.csproj", "{E15B8F38-BB0D-47E6-A3AE-A8C7AB1AD4D2}"
EndProject
Project("{9A19103F-16F7-4668-BE54-9A1E7A4F7556}") = "absoluteValuesSumMinimization", "Intro\absoluteValuesSumMinimization\absoluteValuesSumMinimization.csproj", "{041D0957-D691-4E0D-998D-2580F2531543}"
EndProject
Project("{9A19103F-16F7-4668-BE54-9A1E7A4F7556}") = "stringsRearrangement", "Intro\stringsRearrangement\stringsRearrangement.csproj", "{63A37696-474D-4EDD-BCC2-20BA9E29570A}"
EndProject
Project("{9A19103F-16F7-4668-BE54-9A1E7A4F7556}") = "extractEachKth", "Intro\extractEachKth\extractEachKth.csproj", "{1EC91733-CA61-4E83-AA22-1955275B83E4}"
EndProject
Project("{9A19103F-16F7-4668-BE54-9A1E7A4F7556}") = "firstDigit", "Intro\firstDigit\firstDigit.csproj", "{DBA72734-5ABA-4E20-AEA1-E79AD2C13D62}"
EndProject
Project("{9A19103F-16F7-4668-BE54-9A1E7A4F7556}") = "differentSymbolsNaive", "Intro\differentSymbolsNaive\differentSymbolsNaive.csproj", "{804BF97A-C6FB-4C18-95E6-EC5784C5F4CE}"
EndProject
Project("{9A19103F-16F7-4668-BE54-9A1E7A4F7556}") = "arrayMaxConsecutiveSum", "Intro\arrayMaxConsecutiveSum\arrayMaxConsecutiveSum.csproj", "{4F00B077-36BC-4625-9C40-9B19925A4A84}"
EndProject
Project("{9A19103F-16F7-4668-BE54-9A1E7A4F7556}") = "growingPlant", "Intro\growingPlant\growingPlant.csproj", "{26865AB5-3669-48AE-9292-B2B6564AFA81}"
EndProject
Project("{9A19103F-16F7-4668-BE54-9A1E7A4F7556}") = "Knapsack Light", "Intro\Knapsack Light\Knapsack Light.csproj", "{A56CE28D-2E6B-4C36-8ADA-41C4D04D1D27}"
EndProject
Project("{9A19103F-16F7-4668-BE54-9A1E7A4F7556}") = "longestDigitsPrefix", "Intro\longestDigitsPrefix\longestDigitsPrefix.csproj", "{DA8B0D63-541A-4474-95B8-6B0F41499E75}"
EndProject
Project("{9A19103F-16F7-4668-BE54-9A1E7A4F7556}") = "digitDegree", "Intro\digitDegree\digitDegree.csproj", "{022180F2-FC5E-4F59-AD49-E4EA0E282A3B}"
EndProject
Project("{9A19103F-16F7-4668-BE54-9A1E7A4F7556}") = "Bishop and Pawn", "Intro\Bishop and Pawn\Bishop and Pawn.csproj", "{118EE61C-F1FA-4590-968B-BB38996FE3F8}"
EndProject
Project("{9A19103F-16F7-4668-BE54-9A1E7A4F7556}") = "isBeautifulString", "Intro\isBeautifulString\isBeautifulString.csproj", "{5DFDF1BE-EAAF-486D-B5C9-086700D40A49}"
EndProject
Project("{9A19103F-16F7-4668-BE54-9A1E7A4F7556}") = "Find Email Domain", "Intro\Find Email Domain\Find Email Domain.csproj", "{93E0EB06-4865-4341-B73B-27B90D03D8CB}"
EndProject
Project("{9A19103F-16F7-4668-BE54-9A1E7A4F7556}") = "buildPalindrome", "Intro\buildPalindrome\buildPalindrome.csproj", "{0CF2C6A9-56C6-428E-9A9D-91EBB7DD6943}"
EndProject
Project("{9A19103F-16F7-4668-BE54-9A1E7A4F7556}") = "Elections Winners", "Intro\Elections Winners\Elections Winners.csproj", "{E9617FCB-0154-4877-AB5B-1E973F657F4D}"
EndProject
Project("{9A19103F-16F7-4668-BE54-9A1E7A4F7556}") = "Is MAC48 Address", "Intro\Is MAC48 Address\Is MAC48 Address.csproj", "{CEF266E4-88EA-45E0-8454-27EC6F0771FE}"
EndProject
Project("{9A19103F-16F7-4668-BE54-9A1E7A4F7556}") = "isDigit", "Intro\isDigit\isDigit.csproj", "{CD98B4DC-D192-4672-B3A8-1D74E44F445F}"
EndProject
Project("{9A19103F-16F7-4668-BE54-9A1E7A4F7556}") = "lineEncoding", "Intro\lineEncoding\lineEncoding.csproj", "{A12AFC4D-9B9F-443A-8433-834F3B4E1EBA}"
EndProject
Project("{FAE04EC0-301F-11D3-BF4B-00C04F79EFBC}") = "chessKnight", "Intro\chessKnight\chessKnight.csproj", "{10B72D51-BC51-40F3-9612-1FCB9870E627}"
EndProject
Project("{FAE04EC0-301F-11D3-BF4B-00C04F79EFBC}") = "deleteDigit", "Intro\deleteDigit\deleteDigit.csproj", "{ADD8CDAB-B7B4-4763-B9F3-997545083EDB}"
EndProject
Project("{FAE04EC0-301F-11D3-BF4B-00C04F79EFBC}") = "longestWord", "Intro\longestWord\longestWord.csproj", "{E78B48A9-B9D6-4184-A0B0-798514BFF3ED}"
EndProject
Project("{FAE04EC0-301F-11D3-BF4B-00C04F79EFBC}") = "Valid Time", "Intro\Valid Time\Valid Time.csproj", "{BB9C9C2B-F335-42CD-97F3-BCCC25C3EA10}"
EndProject
Project("{FAE04EC0-301F-11D3-BF4B-00C04F79EFBC}") = "sumUpNumbers", "Intro\sumUpNumbers\sumUpNumbers.csproj", "{ECF14F20-2D04-4B88-996A-9F8F5E0CA9B8}"
EndProject
Project("{FAE04EC0-301F-11D3-BF4B-00C04F79EFBC}") = "Different Squares", "Intro\Different Squares\Different Squares.csproj", "{FE8E83AB-B180-462F-B9E1-2BA45E44245E}"
EndProject
Project("{FAE04EC0-301F-11D3-BF4B-00C04F79EFBC}") = "digitsProduct", "Intro\digitsProduct\digitsProduct.csproj", "{56A0C891-FC34-4DE1-98FA-01143EAB11FE}"
EndProject
Project("{FAE04EC0-301F-11D3-BF4B-00C04F79EFBC}") = "File Naming", "Intro\File Naming\File Naming.csproj", "{30DBDE75-34FF-459C-A417-1049A8D335B6}"
EndProject
Project("{FAE04EC0-301F-11D3-BF4B-00C04F79EFBC}") = "messageFromBinaryCode", "Intro\messageFromBinaryCode\messageFromBinaryCode.csproj", "{89C61FC7-ED62-48D4-948A-67547B53AD9F}"
EndProject
Project("{FAE04EC0-301F-11D3-BF4B-00C04F79EFBC}") = "spiralNumbers", "Intro\spiralNumbers\spiralNumbers.csproj", "{F3FB222A-BB3E-4E22-8A63-1F2C6D313E09}"
EndProject
Project("{FAE04EC0-301F-11D3-BF4B-00C04F79EFBC}") = "Sudoku", "Intro\Sudoku\Sudoku.csproj", "{0FC9D6A8-FB4F-4904-B1FA-F94928355CBE}"
EndProject
Global
	GlobalSection(SolutionConfigurationPlatforms) = preSolution
		Debug|Any CPU = Debug|Any CPU
		Release|Any CPU = Release|Any CPU
	EndGlobalSection
	GlobalSection(ProjectConfigurationPlatforms) = postSolution
		{177C10F1-81B5-4B8C-871B-91DA0FFA6BBF}.Debug|Any CPU.ActiveCfg = Debug|Any CPU
		{177C10F1-81B5-4B8C-871B-91DA0FFA6BBF}.Debug|Any CPU.Build.0 = Debug|Any CPU
		{177C10F1-81B5-4B8C-871B-91DA0FFA6BBF}.Release|Any CPU.ActiveCfg = Release|Any CPU
		{177C10F1-81B5-4B8C-871B-91DA0FFA6BBF}.Release|Any CPU.Build.0 = Release|Any CPU
		{8D38C896-29B3-47AB-8CF8-51D9799A3C3C}.Debug|Any CPU.ActiveCfg = Debug|Any CPU
		{8D38C896-29B3-47AB-8CF8-51D9799A3C3C}.Debug|Any CPU.Build.0 = Debug|Any CPU
		{8D38C896-29B3-47AB-8CF8-51D9799A3C3C}.Release|Any CPU.ActiveCfg = Release|Any CPU
		{8D38C896-29B3-47AB-8CF8-51D9799A3C3C}.Release|Any CPU.Build.0 = Release|Any CPU
		{16EFDA67-86E9-4995-B6C7-FCDFA8A63A07}.Debug|Any CPU.ActiveCfg = Debug|Any CPU
		{16EFDA67-86E9-4995-B6C7-FCDFA8A63A07}.Debug|Any CPU.Build.0 = Debug|Any CPU
		{16EFDA67-86E9-4995-B6C7-FCDFA8A63A07}.Release|Any CPU.ActiveCfg = Release|Any CPU
		{16EFDA67-86E9-4995-B6C7-FCDFA8A63A07}.Release|Any CPU.Build.0 = Release|Any CPU
		{A5BB6004-0983-4847-A510-595DD4699645}.Debug|Any CPU.ActiveCfg = Debug|Any CPU
		{A5BB6004-0983-4847-A510-595DD4699645}.Debug|Any CPU.Build.0 = Debug|Any CPU
		{A5BB6004-0983-4847-A510-595DD4699645}.Release|Any CPU.ActiveCfg = Release|Any CPU
		{A5BB6004-0983-4847-A510-595DD4699645}.Release|Any CPU.Build.0 = Release|Any CPU
		{1B81FC3C-46F8-43F0-8FC4-7ABF3F399705}.Debug|Any CPU.ActiveCfg = Debug|Any CPU
		{1B81FC3C-46F8-43F0-8FC4-7ABF3F399705}.Debug|Any CPU.Build.0 = Debug|Any CPU
		{1B81FC3C-46F8-43F0-8FC4-7ABF3F399705}.Release|Any CPU.ActiveCfg = Release|Any CPU
		{1B81FC3C-46F8-43F0-8FC4-7ABF3F399705}.Release|Any CPU.Build.0 = Release|Any CPU
		{CB43FF7E-6DCE-4834-B078-6910F0987A3E}.Debug|Any CPU.ActiveCfg = Debug|Any CPU
		{CB43FF7E-6DCE-4834-B078-6910F0987A3E}.Debug|Any CPU.Build.0 = Debug|Any CPU
		{CB43FF7E-6DCE-4834-B078-6910F0987A3E}.Release|Any CPU.ActiveCfg = Release|Any CPU
		{CB43FF7E-6DCE-4834-B078-6910F0987A3E}.Release|Any CPU.Build.0 = Release|Any CPU
		{6E5FA26B-4104-4BFA-BD04-947D27E463E3}.Debug|Any CPU.ActiveCfg = Debug|Any CPU
		{6E5FA26B-4104-4BFA-BD04-947D27E463E3}.Debug|Any CPU.Build.0 = Debug|Any CPU
		{6E5FA26B-4104-4BFA-BD04-947D27E463E3}.Release|Any CPU.ActiveCfg = Release|Any CPU
		{6E5FA26B-4104-4BFA-BD04-947D27E463E3}.Release|Any CPU.Build.0 = Release|Any CPU
		{B1701857-F992-4274-A007-44CB9C641483}.Debug|Any CPU.ActiveCfg = Debug|Any CPU
		{B1701857-F992-4274-A007-44CB9C641483}.Debug|Any CPU.Build.0 = Debug|Any CPU
		{B1701857-F992-4274-A007-44CB9C641483}.Release|Any CPU.ActiveCfg = Release|Any CPU
		{B1701857-F992-4274-A007-44CB9C641483}.Release|Any CPU.Build.0 = Release|Any CPU
		{40968E58-5433-43D0-A777-860AEECC73C0}.Debug|Any CPU.ActiveCfg = Debug|Any CPU
		{40968E58-5433-43D0-A777-860AEECC73C0}.Debug|Any CPU.Build.0 = Debug|Any CPU
		{40968E58-5433-43D0-A777-860AEECC73C0}.Release|Any CPU.ActiveCfg = Release|Any CPU
		{40968E58-5433-43D0-A777-860AEECC73C0}.Release|Any CPU.Build.0 = Release|Any CPU
		{0EEFC057-7038-425E-BDB4-0A52D46FDE2F}.Debug|Any CPU.ActiveCfg = Debug|Any CPU
		{0EEFC057-7038-425E-BDB4-0A52D46FDE2F}.Debug|Any CPU.Build.0 = Debug|Any CPU
		{0EEFC057-7038-425E-BDB4-0A52D46FDE2F}.Release|Any CPU.ActiveCfg = Release|Any CPU
		{0EEFC057-7038-425E-BDB4-0A52D46FDE2F}.Release|Any CPU.Build.0 = Release|Any CPU
		{85CCB8AE-2441-4D3F-A66F-5478D5795CCE}.Debug|Any CPU.ActiveCfg = Debug|Any CPU
		{85CCB8AE-2441-4D3F-A66F-5478D5795CCE}.Debug|Any CPU.Build.0 = Debug|Any CPU
		{85CCB8AE-2441-4D3F-A66F-5478D5795CCE}.Release|Any CPU.ActiveCfg = Release|Any CPU
		{85CCB8AE-2441-4D3F-A66F-5478D5795CCE}.Release|Any CPU.Build.0 = Release|Any CPU
		{328385BC-1131-4B32-AF6D-A93B83E7B172}.Debug|Any CPU.ActiveCfg = Debug|Any CPU
		{328385BC-1131-4B32-AF6D-A93B83E7B172}.Debug|Any CPU.Build.0 = Debug|Any CPU
		{328385BC-1131-4B32-AF6D-A93B83E7B172}.Release|Any CPU.ActiveCfg = Release|Any CPU
		{328385BC-1131-4B32-AF6D-A93B83E7B172}.Release|Any CPU.Build.0 = Release|Any CPU
		{023B4297-CF8F-44E1-A62B-C10B146D12DF}.Debug|Any CPU.ActiveCfg = Debug|Any CPU
		{023B4297-CF8F-44E1-A62B-C10B146D12DF}.Debug|Any CPU.Build.0 = Debug|Any CPU
		{023B4297-CF8F-44E1-A62B-C10B146D12DF}.Release|Any CPU.ActiveCfg = Release|Any CPU
		{023B4297-CF8F-44E1-A62B-C10B146D12DF}.Release|Any CPU.Build.0 = Release|Any CPU
		{2383BF04-A094-4239-A1EE-87D2123A2C19}.Debug|Any CPU.ActiveCfg = Debug|Any CPU
		{2383BF04-A094-4239-A1EE-87D2123A2C19}.Debug|Any CPU.Build.0 = Debug|Any CPU
		{2383BF04-A094-4239-A1EE-87D2123A2C19}.Release|Any CPU.ActiveCfg = Release|Any CPU
		{2383BF04-A094-4239-A1EE-87D2123A2C19}.Release|Any CPU.Build.0 = Release|Any CPU
		{E2DBC89E-AFC3-4A4A-A8CB-62C01E185428}.Debug|Any CPU.ActiveCfg = Debug|Any CPU
		{E2DBC89E-AFC3-4A4A-A8CB-62C01E185428}.Debug|Any CPU.Build.0 = Debug|Any CPU
		{E2DBC89E-AFC3-4A4A-A8CB-62C01E185428}.Release|Any CPU.ActiveCfg = Release|Any CPU
		{E2DBC89E-AFC3-4A4A-A8CB-62C01E185428}.Release|Any CPU.Build.0 = Release|Any CPU
		{0FD484D3-ABC0-41C3-8AAB-76BC069BFB2F}.Debug|Any CPU.ActiveCfg = Debug|Any CPU
		{0FD484D3-ABC0-41C3-8AAB-76BC069BFB2F}.Debug|Any CPU.Build.0 = Debug|Any CPU
		{0FD484D3-ABC0-41C3-8AAB-76BC069BFB2F}.Release|Any CPU.ActiveCfg = Release|Any CPU
		{0FD484D3-ABC0-41C3-8AAB-76BC069BFB2F}.Release|Any CPU.Build.0 = Release|Any CPU
		{DEA28FE9-A6BA-4611-A05D-169509B36044}.Debug|Any CPU.ActiveCfg = Debug|Any CPU
		{DEA28FE9-A6BA-4611-A05D-169509B36044}.Debug|Any CPU.Build.0 = Debug|Any CPU
		{DEA28FE9-A6BA-4611-A05D-169509B36044}.Release|Any CPU.ActiveCfg = Release|Any CPU
		{DEA28FE9-A6BA-4611-A05D-169509B36044}.Release|Any CPU.Build.0 = Release|Any CPU
		{0756FCFA-4D8B-4ABC-B586-76CC2F7FCCA3}.Debug|Any CPU.ActiveCfg = Debug|Any CPU
		{0756FCFA-4D8B-4ABC-B586-76CC2F7FCCA3}.Debug|Any CPU.Build.0 = Debug|Any CPU
		{0756FCFA-4D8B-4ABC-B586-76CC2F7FCCA3}.Release|Any CPU.ActiveCfg = Release|Any CPU
		{0756FCFA-4D8B-4ABC-B586-76CC2F7FCCA3}.Release|Any CPU.Build.0 = Release|Any CPU
		{DE0B5B16-604F-4A2F-B337-826B5DCF077E}.Debug|Any CPU.ActiveCfg = Debug|Any CPU
		{DE0B5B16-604F-4A2F-B337-826B5DCF077E}.Debug|Any CPU.Build.0 = Debug|Any CPU
		{DE0B5B16-604F-4A2F-B337-826B5DCF077E}.Release|Any CPU.ActiveCfg = Release|Any CPU
		{DE0B5B16-604F-4A2F-B337-826B5DCF077E}.Release|Any CPU.Build.0 = Release|Any CPU
		{73CB81C6-C14B-4838-A5A8-97E6AA2DD4F1}.Debug|Any CPU.ActiveCfg = Debug|Any CPU
		{73CB81C6-C14B-4838-A5A8-97E6AA2DD4F1}.Debug|Any CPU.Build.0 = Debug|Any CPU
		{73CB81C6-C14B-4838-A5A8-97E6AA2DD4F1}.Release|Any CPU.ActiveCfg = Release|Any CPU
		{73CB81C6-C14B-4838-A5A8-97E6AA2DD4F1}.Release|Any CPU.Build.0 = Release|Any CPU
		{3860486B-7512-401E-9B36-E55658622EC0}.Debug|Any CPU.ActiveCfg = Debug|Any CPU
		{3860486B-7512-401E-9B36-E55658622EC0}.Debug|Any CPU.Build.0 = Debug|Any CPU
		{3860486B-7512-401E-9B36-E55658622EC0}.Release|Any CPU.ActiveCfg = Release|Any CPU
		{3860486B-7512-401E-9B36-E55658622EC0}.Release|Any CPU.Build.0 = Release|Any CPU
		{7B48F3E3-DFD2-4AA7-8492-4E52E0C12E7F}.Debug|Any CPU.ActiveCfg = Debug|Any CPU
		{7B48F3E3-DFD2-4AA7-8492-4E52E0C12E7F}.Debug|Any CPU.Build.0 = Debug|Any CPU
		{7B48F3E3-DFD2-4AA7-8492-4E52E0C12E7F}.Release|Any CPU.ActiveCfg = Release|Any CPU
		{7B48F3E3-DFD2-4AA7-8492-4E52E0C12E7F}.Release|Any CPU.Build.0 = Release|Any CPU
		{61BCF1DE-5201-46A0-8FE1-1A07BC07EB0A}.Debug|Any CPU.ActiveCfg = Debug|Any CPU
		{61BCF1DE-5201-46A0-8FE1-1A07BC07EB0A}.Debug|Any CPU.Build.0 = Debug|Any CPU
		{61BCF1DE-5201-46A0-8FE1-1A07BC07EB0A}.Release|Any CPU.ActiveCfg = Release|Any CPU
		{61BCF1DE-5201-46A0-8FE1-1A07BC07EB0A}.Release|Any CPU.Build.0 = Release|Any CPU
		{71F6DE2A-AC0B-4CC9-B61D-AA5488BAE6A3}.Debug|Any CPU.ActiveCfg = Debug|Any CPU
		{71F6DE2A-AC0B-4CC9-B61D-AA5488BAE6A3}.Debug|Any CPU.Build.0 = Debug|Any CPU
		{71F6DE2A-AC0B-4CC9-B61D-AA5488BAE6A3}.Release|Any CPU.ActiveCfg = Release|Any CPU
		{71F6DE2A-AC0B-4CC9-B61D-AA5488BAE6A3}.Release|Any CPU.Build.0 = Release|Any CPU
		{EE0FBDC3-4418-4090-BEE8-B9C7ABF187FC}.Debug|Any CPU.ActiveCfg = Debug|Any CPU
		{EE0FBDC3-4418-4090-BEE8-B9C7ABF187FC}.Debug|Any CPU.Build.0 = Debug|Any CPU
		{EE0FBDC3-4418-4090-BEE8-B9C7ABF187FC}.Release|Any CPU.ActiveCfg = Release|Any CPU
		{EE0FBDC3-4418-4090-BEE8-B9C7ABF187FC}.Release|Any CPU.Build.0 = Release|Any CPU
		{9D51149D-0E2F-4E3A-BE70-8065991D6F07}.Debug|Any CPU.ActiveCfg = Debug|Any CPU
		{9D51149D-0E2F-4E3A-BE70-8065991D6F07}.Debug|Any CPU.Build.0 = Debug|Any CPU
		{9D51149D-0E2F-4E3A-BE70-8065991D6F07}.Release|Any CPU.ActiveCfg = Release|Any CPU
		{9D51149D-0E2F-4E3A-BE70-8065991D6F07}.Release|Any CPU.Build.0 = Release|Any CPU
		{DE586AE2-0799-4643-8B20-DC8CED7F931F}.Debug|Any CPU.ActiveCfg = Debug|Any CPU
		{DE586AE2-0799-4643-8B20-DC8CED7F931F}.Debug|Any CPU.Build.0 = Debug|Any CPU
		{DE586AE2-0799-4643-8B20-DC8CED7F931F}.Release|Any CPU.ActiveCfg = Release|Any CPU
		{DE586AE2-0799-4643-8B20-DC8CED7F931F}.Release|Any CPU.Build.0 = Release|Any CPU
		{1EC6C844-0FDE-435E-8DC6-DDA4C62401B9}.Debug|Any CPU.ActiveCfg = Debug|Any CPU
		{1EC6C844-0FDE-435E-8DC6-DDA4C62401B9}.Debug|Any CPU.Build.0 = Debug|Any CPU
		{1EC6C844-0FDE-435E-8DC6-DDA4C62401B9}.Release|Any CPU.ActiveCfg = Release|Any CPU
		{1EC6C844-0FDE-435E-8DC6-DDA4C62401B9}.Release|Any CPU.Build.0 = Release|Any CPU
		{54F48513-D227-41C1-9C48-562DD9B29452}.Debug|Any CPU.ActiveCfg = Debug|Any CPU
		{54F48513-D227-41C1-9C48-562DD9B29452}.Debug|Any CPU.Build.0 = Debug|Any CPU
		{54F48513-D227-41C1-9C48-562DD9B29452}.Release|Any CPU.ActiveCfg = Release|Any CPU
		{54F48513-D227-41C1-9C48-562DD9B29452}.Release|Any CPU.Build.0 = Release|Any CPU
		{E15B8F38-BB0D-47E6-A3AE-A8C7AB1AD4D2}.Debug|Any CPU.ActiveCfg = Debug|Any CPU
		{E15B8F38-BB0D-47E6-A3AE-A8C7AB1AD4D2}.Debug|Any CPU.Build.0 = Debug|Any CPU
		{E15B8F38-BB0D-47E6-A3AE-A8C7AB1AD4D2}.Release|Any CPU.ActiveCfg = Release|Any CPU
		{E15B8F38-BB0D-47E6-A3AE-A8C7AB1AD4D2}.Release|Any CPU.Build.0 = Release|Any CPU
		{041D0957-D691-4E0D-998D-2580F2531543}.Debug|Any CPU.ActiveCfg = Debug|Any CPU
		{041D0957-D691-4E0D-998D-2580F2531543}.Debug|Any CPU.Build.0 = Debug|Any CPU
		{041D0957-D691-4E0D-998D-2580F2531543}.Release|Any CPU.ActiveCfg = Release|Any CPU
		{041D0957-D691-4E0D-998D-2580F2531543}.Release|Any CPU.Build.0 = Release|Any CPU
		{63A37696-474D-4EDD-BCC2-20BA9E29570A}.Debug|Any CPU.ActiveCfg = Debug|Any CPU
		{63A37696-474D-4EDD-BCC2-20BA9E29570A}.Debug|Any CPU.Build.0 = Debug|Any CPU
		{63A37696-474D-4EDD-BCC2-20BA9E29570A}.Release|Any CPU.ActiveCfg = Release|Any CPU
		{63A37696-474D-4EDD-BCC2-20BA9E29570A}.Release|Any CPU.Build.0 = Release|Any CPU
		{1EC91733-CA61-4E83-AA22-1955275B83E4}.Debug|Any CPU.ActiveCfg = Debug|Any CPU
		{1EC91733-CA61-4E83-AA22-1955275B83E4}.Debug|Any CPU.Build.0 = Debug|Any CPU
		{1EC91733-CA61-4E83-AA22-1955275B83E4}.Release|Any CPU.ActiveCfg = Release|Any CPU
		{1EC91733-CA61-4E83-AA22-1955275B83E4}.Release|Any CPU.Build.0 = Release|Any CPU
		{DBA72734-5ABA-4E20-AEA1-E79AD2C13D62}.Debug|Any CPU.ActiveCfg = Debug|Any CPU
		{DBA72734-5ABA-4E20-AEA1-E79AD2C13D62}.Debug|Any CPU.Build.0 = Debug|Any CPU
		{DBA72734-5ABA-4E20-AEA1-E79AD2C13D62}.Release|Any CPU.ActiveCfg = Release|Any CPU
		{DBA72734-5ABA-4E20-AEA1-E79AD2C13D62}.Release|Any CPU.Build.0 = Release|Any CPU
		{804BF97A-C6FB-4C18-95E6-EC5784C5F4CE}.Debug|Any CPU.ActiveCfg = Debug|Any CPU
		{804BF97A-C6FB-4C18-95E6-EC5784C5F4CE}.Debug|Any CPU.Build.0 = Debug|Any CPU
		{804BF97A-C6FB-4C18-95E6-EC5784C5F4CE}.Release|Any CPU.ActiveCfg = Release|Any CPU
		{804BF97A-C6FB-4C18-95E6-EC5784C5F4CE}.Release|Any CPU.Build.0 = Release|Any CPU
		{4F00B077-36BC-4625-9C40-9B19925A4A84}.Debug|Any CPU.ActiveCfg = Debug|Any CPU
		{4F00B077-36BC-4625-9C40-9B19925A4A84}.Debug|Any CPU.Build.0 = Debug|Any CPU
		{4F00B077-36BC-4625-9C40-9B19925A4A84}.Release|Any CPU.ActiveCfg = Release|Any CPU
		{4F00B077-36BC-4625-9C40-9B19925A4A84}.Release|Any CPU.Build.0 = Release|Any CPU
		{26865AB5-3669-48AE-9292-B2B6564AFA81}.Debug|Any CPU.ActiveCfg = Debug|Any CPU
		{26865AB5-3669-48AE-9292-B2B6564AFA81}.Debug|Any CPU.Build.0 = Debug|Any CPU
		{26865AB5-3669-48AE-9292-B2B6564AFA81}.Release|Any CPU.ActiveCfg = Release|Any CPU
		{26865AB5-3669-48AE-9292-B2B6564AFA81}.Release|Any CPU.Build.0 = Release|Any CPU
		{A56CE28D-2E6B-4C36-8ADA-41C4D04D1D27}.Debug|Any CPU.ActiveCfg = Debug|Any CPU
		{A56CE28D-2E6B-4C36-8ADA-41C4D04D1D27}.Debug|Any CPU.Build.0 = Debug|Any CPU
		{A56CE28D-2E6B-4C36-8ADA-41C4D04D1D27}.Release|Any CPU.ActiveCfg = Release|Any CPU
		{A56CE28D-2E6B-4C36-8ADA-41C4D04D1D27}.Release|Any CPU.Build.0 = Release|Any CPU
		{DA8B0D63-541A-4474-95B8-6B0F41499E75}.Debug|Any CPU.ActiveCfg = Debug|Any CPU
		{DA8B0D63-541A-4474-95B8-6B0F41499E75}.Debug|Any CPU.Build.0 = Debug|Any CPU
		{DA8B0D63-541A-4474-95B8-6B0F41499E75}.Release|Any CPU.ActiveCfg = Release|Any CPU
		{DA8B0D63-541A-4474-95B8-6B0F41499E75}.Release|Any CPU.Build.0 = Release|Any CPU
		{022180F2-FC5E-4F59-AD49-E4EA0E282A3B}.Debug|Any CPU.ActiveCfg = Debug|Any CPU
		{022180F2-FC5E-4F59-AD49-E4EA0E282A3B}.Debug|Any CPU.Build.0 = Debug|Any CPU
		{022180F2-FC5E-4F59-AD49-E4EA0E282A3B}.Release|Any CPU.ActiveCfg = Release|Any CPU
		{022180F2-FC5E-4F59-AD49-E4EA0E282A3B}.Release|Any CPU.Build.0 = Release|Any CPU
		{118EE61C-F1FA-4590-968B-BB38996FE3F8}.Debug|Any CPU.ActiveCfg = Debug|Any CPU
		{118EE61C-F1FA-4590-968B-BB38996FE3F8}.Debug|Any CPU.Build.0 = Debug|Any CPU
		{118EE61C-F1FA-4590-968B-BB38996FE3F8}.Release|Any CPU.ActiveCfg = Release|Any CPU
		{118EE61C-F1FA-4590-968B-BB38996FE3F8}.Release|Any CPU.Build.0 = Release|Any CPU
		{5DFDF1BE-EAAF-486D-B5C9-086700D40A49}.Debug|Any CPU.ActiveCfg = Debug|Any CPU
		{5DFDF1BE-EAAF-486D-B5C9-086700D40A49}.Debug|Any CPU.Build.0 = Debug|Any CPU
		{5DFDF1BE-EAAF-486D-B5C9-086700D40A49}.Release|Any CPU.ActiveCfg = Release|Any CPU
		{5DFDF1BE-EAAF-486D-B5C9-086700D40A49}.Release|Any CPU.Build.0 = Release|Any CPU
		{93E0EB06-4865-4341-B73B-27B90D03D8CB}.Debug|Any CPU.ActiveCfg = Debug|Any CPU
		{93E0EB06-4865-4341-B73B-27B90D03D8CB}.Debug|Any CPU.Build.0 = Debug|Any CPU
		{93E0EB06-4865-4341-B73B-27B90D03D8CB}.Release|Any CPU.ActiveCfg = Release|Any CPU
		{93E0EB06-4865-4341-B73B-27B90D03D8CB}.Release|Any CPU.Build.0 = Release|Any CPU
		{0CF2C6A9-56C6-428E-9A9D-91EBB7DD6943}.Debug|Any CPU.ActiveCfg = Debug|Any CPU
		{0CF2C6A9-56C6-428E-9A9D-91EBB7DD6943}.Debug|Any CPU.Build.0 = Debug|Any CPU
		{0CF2C6A9-56C6-428E-9A9D-91EBB7DD6943}.Release|Any CPU.ActiveCfg = Release|Any CPU
		{0CF2C6A9-56C6-428E-9A9D-91EBB7DD6943}.Release|Any CPU.Build.0 = Release|Any CPU
		{E9617FCB-0154-4877-AB5B-1E973F657F4D}.Debug|Any CPU.ActiveCfg = Debug|Any CPU
		{E9617FCB-0154-4877-AB5B-1E973F657F4D}.Debug|Any CPU.Build.0 = Debug|Any CPU
		{E9617FCB-0154-4877-AB5B-1E973F657F4D}.Release|Any CPU.ActiveCfg = Release|Any CPU
		{E9617FCB-0154-4877-AB5B-1E973F657F4D}.Release|Any CPU.Build.0 = Release|Any CPU
		{CEF266E4-88EA-45E0-8454-27EC6F0771FE}.Debug|Any CPU.ActiveCfg = Debug|Any CPU
		{CEF266E4-88EA-45E0-8454-27EC6F0771FE}.Debug|Any CPU.Build.0 = Debug|Any CPU
		{CEF266E4-88EA-45E0-8454-27EC6F0771FE}.Release|Any CPU.ActiveCfg = Release|Any CPU
		{CEF266E4-88EA-45E0-8454-27EC6F0771FE}.Release|Any CPU.Build.0 = Release|Any CPU
		{CD98B4DC-D192-4672-B3A8-1D74E44F445F}.Debug|Any CPU.ActiveCfg = Debug|Any CPU
		{CD98B4DC-D192-4672-B3A8-1D74E44F445F}.Debug|Any CPU.Build.0 = Debug|Any CPU
		{CD98B4DC-D192-4672-B3A8-1D74E44F445F}.Release|Any CPU.ActiveCfg = Release|Any CPU
		{CD98B4DC-D192-4672-B3A8-1D74E44F445F}.Release|Any CPU.Build.0 = Release|Any CPU
		{A12AFC4D-9B9F-443A-8433-834F3B4E1EBA}.Debug|Any CPU.ActiveCfg = Debug|Any CPU
		{A12AFC4D-9B9F-443A-8433-834F3B4E1EBA}.Debug|Any CPU.Build.0 = Debug|Any CPU
		{A12AFC4D-9B9F-443A-8433-834F3B4E1EBA}.Release|Any CPU.ActiveCfg = Release|Any CPU
		{A12AFC4D-9B9F-443A-8433-834F3B4E1EBA}.Release|Any CPU.Build.0 = Release|Any CPU
		{10B72D51-BC51-40F3-9612-1FCB9870E627}.Debug|Any CPU.ActiveCfg = Debug|Any CPU
		{10B72D51-BC51-40F3-9612-1FCB9870E627}.Debug|Any CPU.Build.0 = Debug|Any CPU
		{10B72D51-BC51-40F3-9612-1FCB9870E627}.Release|Any CPU.ActiveCfg = Release|Any CPU
		{10B72D51-BC51-40F3-9612-1FCB9870E627}.Release|Any CPU.Build.0 = Release|Any CPU
		{ADD8CDAB-B7B4-4763-B9F3-997545083EDB}.Debug|Any CPU.ActiveCfg = Debug|Any CPU
		{ADD8CDAB-B7B4-4763-B9F3-997545083EDB}.Debug|Any CPU.Build.0 = Debug|Any CPU
		{ADD8CDAB-B7B4-4763-B9F3-997545083EDB}.Release|Any CPU.ActiveCfg = Release|Any CPU
		{ADD8CDAB-B7B4-4763-B9F3-997545083EDB}.Release|Any CPU.Build.0 = Release|Any CPU
		{E78B48A9-B9D6-4184-A0B0-798514BFF3ED}.Debug|Any CPU.ActiveCfg = Debug|Any CPU
		{E78B48A9-B9D6-4184-A0B0-798514BFF3ED}.Debug|Any CPU.Build.0 = Debug|Any CPU
		{E78B48A9-B9D6-4184-A0B0-798514BFF3ED}.Release|Any CPU.ActiveCfg = Release|Any CPU
		{E78B48A9-B9D6-4184-A0B0-798514BFF3ED}.Release|Any CPU.Build.0 = Release|Any CPU
		{BB9C9C2B-F335-42CD-97F3-BCCC25C3EA10}.Debug|Any CPU.ActiveCfg = Debug|Any CPU
		{BB9C9C2B-F335-42CD-97F3-BCCC25C3EA10}.Debug|Any CPU.Build.0 = Debug|Any CPU
		{BB9C9C2B-F335-42CD-97F3-BCCC25C3EA10}.Release|Any CPU.ActiveCfg = Release|Any CPU
		{BB9C9C2B-F335-42CD-97F3-BCCC25C3EA10}.Release|Any CPU.Build.0 = Release|Any CPU
		{ECF14F20-2D04-4B88-996A-9F8F5E0CA9B8}.Debug|Any CPU.ActiveCfg = Debug|Any CPU
		{ECF14F20-2D04-4B88-996A-9F8F5E0CA9B8}.Debug|Any CPU.Build.0 = Debug|Any CPU
		{ECF14F20-2D04-4B88-996A-9F8F5E0CA9B8}.Release|Any CPU.ActiveCfg = Release|Any CPU
		{ECF14F20-2D04-4B88-996A-9F8F5E0CA9B8}.Release|Any CPU.Build.0 = Release|Any CPU
		{FE8E83AB-B180-462F-B9E1-2BA45E44245E}.Debug|Any CPU.ActiveCfg = Debug|Any CPU
		{FE8E83AB-B180-462F-B9E1-2BA45E44245E}.Debug|Any CPU.Build.0 = Debug|Any CPU
		{FE8E83AB-B180-462F-B9E1-2BA45E44245E}.Release|Any CPU.ActiveCfg = Release|Any CPU
		{FE8E83AB-B180-462F-B9E1-2BA45E44245E}.Release|Any CPU.Build.0 = Release|Any CPU
		{56A0C891-FC34-4DE1-98FA-01143EAB11FE}.Debug|Any CPU.ActiveCfg = Debug|Any CPU
		{56A0C891-FC34-4DE1-98FA-01143EAB11FE}.Debug|Any CPU.Build.0 = Debug|Any CPU
		{56A0C891-FC34-4DE1-98FA-01143EAB11FE}.Release|Any CPU.ActiveCfg = Release|Any CPU
		{56A0C891-FC34-4DE1-98FA-01143EAB11FE}.Release|Any CPU.Build.0 = Release|Any CPU
		{30DBDE75-34FF-459C-A417-1049A8D335B6}.Debug|Any CPU.ActiveCfg = Debug|Any CPU
		{30DBDE75-34FF-459C-A417-1049A8D335B6}.Debug|Any CPU.Build.0 = Debug|Any CPU
		{30DBDE75-34FF-459C-A417-1049A8D335B6}.Release|Any CPU.ActiveCfg = Release|Any CPU
		{30DBDE75-34FF-459C-A417-1049A8D335B6}.Release|Any CPU.Build.0 = Release|Any CPU
		{89C61FC7-ED62-48D4-948A-67547B53AD9F}.Debug|Any CPU.ActiveCfg = Debug|Any CPU
		{89C61FC7-ED62-48D4-948A-67547B53AD9F}.Debug|Any CPU.Build.0 = Debug|Any CPU
		{89C61FC7-ED62-48D4-948A-67547B53AD9F}.Release|Any CPU.ActiveCfg = Release|Any CPU
		{89C61FC7-ED62-48D4-948A-67547B53AD9F}.Release|Any CPU.Build.0 = Release|Any CPU
		{F3FB222A-BB3E-4E22-8A63-1F2C6D313E09}.Debug|Any CPU.ActiveCfg = Debug|Any CPU
		{F3FB222A-BB3E-4E22-8A63-1F2C6D313E09}.Debug|Any CPU.Build.0 = Debug|Any CPU
		{F3FB222A-BB3E-4E22-8A63-1F2C6D313E09}.Release|Any CPU.ActiveCfg = Release|Any CPU
		{F3FB222A-BB3E-4E22-8A63-1F2C6D313E09}.Release|Any CPU.Build.0 = Release|Any CPU
		{0FC9D6A8-FB4F-4904-B1FA-F94928355CBE}.Debug|Any CPU.ActiveCfg = Debug|Any CPU
		{0FC9D6A8-FB4F-4904-B1FA-F94928355CBE}.Debug|Any CPU.Build.0 = Debug|Any CPU
		{0FC9D6A8-FB4F-4904-B1FA-F94928355CBE}.Release|Any CPU.ActiveCfg = Release|Any CPU
		{0FC9D6A8-FB4F-4904-B1FA-F94928355CBE}.Release|Any CPU.Build.0 = Release|Any CPU
	EndGlobalSection
	GlobalSection(SolutionProperties) = preSolution
		HideSolutionNode = FALSE
	EndGlobalSection
	GlobalSection(NestedProjects) = preSolution
		{177C10F1-81B5-4B8C-871B-91DA0FFA6BBF} = {EBEF37E5-5950-4209-A5FC-45BBAB9E6025}
		{8D38C896-29B3-47AB-8CF8-51D9799A3C3C} = {EBEF37E5-5950-4209-A5FC-45BBAB9E6025}
		{16EFDA67-86E9-4995-B6C7-FCDFA8A63A07} = {EBEF37E5-5950-4209-A5FC-45BBAB9E6025}
		{A5BB6004-0983-4847-A510-595DD4699645} = {EBEF37E5-5950-4209-A5FC-45BBAB9E6025}
		{1B81FC3C-46F8-43F0-8FC4-7ABF3F399705} = {EBEF37E5-5950-4209-A5FC-45BBAB9E6025}
		{CB43FF7E-6DCE-4834-B078-6910F0987A3E} = {EBEF37E5-5950-4209-A5FC-45BBAB9E6025}
		{6E5FA26B-4104-4BFA-BD04-947D27E463E3} = {EBEF37E5-5950-4209-A5FC-45BBAB9E6025}
		{B1701857-F992-4274-A007-44CB9C641483} = {EBEF37E5-5950-4209-A5FC-45BBAB9E6025}
		{40968E58-5433-43D0-A777-860AEECC73C0} = {EBEF37E5-5950-4209-A5FC-45BBAB9E6025}
		{0EEFC057-7038-425E-BDB4-0A52D46FDE2F} = {EBEF37E5-5950-4209-A5FC-45BBAB9E6025}
		{85CCB8AE-2441-4D3F-A66F-5478D5795CCE} = {EBEF37E5-5950-4209-A5FC-45BBAB9E6025}
		{328385BC-1131-4B32-AF6D-A93B83E7B172} = {EBEF37E5-5950-4209-A5FC-45BBAB9E6025}
		{023B4297-CF8F-44E1-A62B-C10B146D12DF} = {EBEF37E5-5950-4209-A5FC-45BBAB9E6025}
		{2383BF04-A094-4239-A1EE-87D2123A2C19} = {EBEF37E5-5950-4209-A5FC-45BBAB9E6025}
		{E2DBC89E-AFC3-4A4A-A8CB-62C01E185428} = {EBEF37E5-5950-4209-A5FC-45BBAB9E6025}
		{0FD484D3-ABC0-41C3-8AAB-76BC069BFB2F} = {EBEF37E5-5950-4209-A5FC-45BBAB9E6025}
		{DEA28FE9-A6BA-4611-A05D-169509B36044} = {EBEF37E5-5950-4209-A5FC-45BBAB9E6025}
		{0756FCFA-4D8B-4ABC-B586-76CC2F7FCCA3} = {EBEF37E5-5950-4209-A5FC-45BBAB9E6025}
		{DE0B5B16-604F-4A2F-B337-826B5DCF077E} = {EBEF37E5-5950-4209-A5FC-45BBAB9E6025}
		{73CB81C6-C14B-4838-A5A8-97E6AA2DD4F1} = {EBEF37E5-5950-4209-A5FC-45BBAB9E6025}
		{3860486B-7512-401E-9B36-E55658622EC0} = {EBEF37E5-5950-4209-A5FC-45BBAB9E6025}
		{7B48F3E3-DFD2-4AA7-8492-4E52E0C12E7F} = {EBEF37E5-5950-4209-A5FC-45BBAB9E6025}
		{61BCF1DE-5201-46A0-8FE1-1A07BC07EB0A} = {EBEF37E5-5950-4209-A5FC-45BBAB9E6025}
		{71F6DE2A-AC0B-4CC9-B61D-AA5488BAE6A3} = {EBEF37E5-5950-4209-A5FC-45BBAB9E6025}
		{EE0FBDC3-4418-4090-BEE8-B9C7ABF187FC} = {EBEF37E5-5950-4209-A5FC-45BBAB9E6025}
		{9D51149D-0E2F-4E3A-BE70-8065991D6F07} = {EBEF37E5-5950-4209-A5FC-45BBAB9E6025}
		{DE586AE2-0799-4643-8B20-DC8CED7F931F} = {EBEF37E5-5950-4209-A5FC-45BBAB9E6025}
		{1EC6C844-0FDE-435E-8DC6-DDA4C62401B9} = {EBEF37E5-5950-4209-A5FC-45BBAB9E6025}
		{54F48513-D227-41C1-9C48-562DD9B29452} = {EBEF37E5-5950-4209-A5FC-45BBAB9E6025}
		{E15B8F38-BB0D-47E6-A3AE-A8C7AB1AD4D2} = {EBEF37E5-5950-4209-A5FC-45BBAB9E6025}
		{041D0957-D691-4E0D-998D-2580F2531543} = {EBEF37E5-5950-4209-A5FC-45BBAB9E6025}
		{63A37696-474D-4EDD-BCC2-20BA9E29570A} = {EBEF37E5-5950-4209-A5FC-45BBAB9E6025}
		{1EC91733-CA61-4E83-AA22-1955275B83E4} = {EBEF37E5-5950-4209-A5FC-45BBAB9E6025}
		{DBA72734-5ABA-4E20-AEA1-E79AD2C13D62} = {EBEF37E5-5950-4209-A5FC-45BBAB9E6025}
		{804BF97A-C6FB-4C18-95E6-EC5784C5F4CE} = {EBEF37E5-5950-4209-A5FC-45BBAB9E6025}
		{4F00B077-36BC-4625-9C40-9B19925A4A84} = {EBEF37E5-5950-4209-A5FC-45BBAB9E6025}
		{26865AB5-3669-48AE-9292-B2B6564AFA81} = {EBEF37E5-5950-4209-A5FC-45BBAB9E6025}
		{A56CE28D-2E6B-4C36-8ADA-41C4D04D1D27} = {EBEF37E5-5950-4209-A5FC-45BBAB9E6025}
		{DA8B0D63-541A-4474-95B8-6B0F41499E75} = {EBEF37E5-5950-4209-A5FC-45BBAB9E6025}
		{022180F2-FC5E-4F59-AD49-E4EA0E282A3B} = {EBEF37E5-5950-4209-A5FC-45BBAB9E6025}
		{118EE61C-F1FA-4590-968B-BB38996FE3F8} = {EBEF37E5-5950-4209-A5FC-45BBAB9E6025}
		{5DFDF1BE-EAAF-486D-B5C9-086700D40A49} = {EBEF37E5-5950-4209-A5FC-45BBAB9E6025}
		{93E0EB06-4865-4341-B73B-27B90D03D8CB} = {EBEF37E5-5950-4209-A5FC-45BBAB9E6025}
		{0CF2C6A9-56C6-428E-9A9D-91EBB7DD6943} = {EBEF37E5-5950-4209-A5FC-45BBAB9E6025}
		{E9617FCB-0154-4877-AB5B-1E973F657F4D} = {EBEF37E5-5950-4209-A5FC-45BBAB9E6025}
		{CEF266E4-88EA-45E0-8454-27EC6F0771FE} = {EBEF37E5-5950-4209-A5FC-45BBAB9E6025}
		{CD98B4DC-D192-4672-B3A8-1D74E44F445F} = {EBEF37E5-5950-4209-A5FC-45BBAB9E6025}
		{A12AFC4D-9B9F-443A-8433-834F3B4E1EBA} = {EBEF37E5-5950-4209-A5FC-45BBAB9E6025}
		{10B72D51-BC51-40F3-9612-1FCB9870E627} = {EBEF37E5-5950-4209-A5FC-45BBAB9E6025}
		{ADD8CDAB-B7B4-4763-B9F3-997545083EDB} = {EBEF37E5-5950-4209-A5FC-45BBAB9E6025}
		{E78B48A9-B9D6-4184-A0B0-798514BFF3ED} = {EBEF37E5-5950-4209-A5FC-45BBAB9E6025}
		{BB9C9C2B-F335-42CD-97F3-BCCC25C3EA10} = {EBEF37E5-5950-4209-A5FC-45BBAB9E6025}
		{ECF14F20-2D04-4B88-996A-9F8F5E0CA9B8} = {EBEF37E5-5950-4209-A5FC-45BBAB9E6025}
		{FE8E83AB-B180-462F-B9E1-2BA45E44245E} = {EBEF37E5-5950-4209-A5FC-45BBAB9E6025}
		{56A0C891-FC34-4DE1-98FA-01143EAB11FE} = {EBEF37E5-5950-4209-A5FC-45BBAB9E6025}
		{30DBDE75-34FF-459C-A417-1049A8D335B6} = {EBEF37E5-5950-4209-A5FC-45BBAB9E6025}
		{89C61FC7-ED62-48D4-948A-67547B53AD9F} = {EBEF37E5-5950-4209-A5FC-45BBAB9E6025}
		{F3FB222A-BB3E-4E22-8A63-1F2C6D313E09} = {EBEF37E5-5950-4209-A5FC-45BBAB9E6025}
		{0FC9D6A8-FB4F-4904-B1FA-F94928355CBE} = {EBEF37E5-5950-4209-A5FC-45BBAB9E6025}
	EndGlobalSection
	GlobalSection(ExtensibilityGlobals) = postSolution
		SolutionGuid = {50014523-5FC6-40B7-93CD-D9AC73A2DF50}
	EndGlobalSection
EndGlobal
